
Microsoft Visual Studio Solution File, Format Version 11.00
# Visual Studio 2010
Project("{FAE04EC0-301F-11D3-BF4B-00C04F79EFBC}") = "Prototype", "PrototypeHM\Prototype.csproj", "{E41B1B52-35E8-44D9-A8B2-5DF8CC56C82C}"
EndProject
Project("{FAE04EC0-301F-11D3-BF4B-00C04F79EFBC}") = "Model", "EFCFModel\Model.csproj", "{E7D07113-1BB1-4EA3-9E24-4421F585C04C}"
EndProject
Project("{FAE04EC0-301F-11D3-BF4B-00C04F79EFBC}") = "Model.Test", "EFCFTest\Model.Test.csproj", "{F19F0742-0C22-4A3F-B453-388F1AB0F3BF}"
EndProject
Project("{FAE04EC0-301F-11D3-BF4B-00C04F79EFBC}") = "Support", "Support\Support.csproj", "{2B5EC90D-A81B-4299-86EC-B45DBE8439E6}"
EndProject
Project("{2150E333-8FDC-42A3-9474-1A3956D46DE8}") = "Solution Items", "Solution Items", "{9D0C53BD-007B-4295-8AC0-363CB30F5560}"
	ProjectSection(SolutionItems) = preProject
		..\README = ..\README
	EndProjectSection
EndProject
Project("{F088123C-0E9E-452A-89E6-6BA2F21D5CAC}") = "Uml", "ModelingProject2\Uml.modelproj", "{8CC6DCEA-95CD-4FC0-B9E8-ADA33EC01A9E}"
EndProject
Global
	GlobalSection(SolutionConfigurationPlatforms) = preSolution
		Debug|Any CPU = Debug|Any CPU
		Debug|Mixed Platforms = Debug|Mixed Platforms
		Debug|x86 = Debug|x86
		Release|Any CPU = Release|Any CPU
		Release|Mixed Platforms = Release|Mixed Platforms
		Release|x86 = Release|x86
	EndGlobalSection
	GlobalSection(ProjectConfigurationPlatforms) = postSolution
		{E41B1B52-35E8-44D9-A8B2-5DF8CC56C82C}.Debug|Any CPU.ActiveCfg = Debug|x86
		{E41B1B52-35E8-44D9-A8B2-5DF8CC56C82C}.Debug|Any CPU.Build.0 = Debug|x86
		{E41B1B52-35E8-44D9-A8B2-5DF8CC56C82C}.Debug|Mixed Platforms.ActiveCfg = Debug|x86
		{E41B1B52-35E8-44D9-A8B2-5DF8CC56C82C}.Debug|Mixed Platforms.Build.0 = Debug|x86
		{E41B1B52-35E8-44D9-A8B2-5DF8CC56C82C}.Debug|x86.ActiveCfg = Debug|x86
		{E41B1B52-35E8-44D9-A8B2-5DF8CC56C82C}.Debug|x86.Build.0 = Debug|x86
		{E41B1B52-35E8-44D9-A8B2-5DF8CC56C82C}.Release|Any CPU.ActiveCfg = Release|x86
		{E41B1B52-35E8-44D9-A8B2-5DF8CC56C82C}.Release|Any CPU.Build.0 = Release|x86
		{E41B1B52-35E8-44D9-A8B2-5DF8CC56C82C}.Release|Mixed Platforms.ActiveCfg = Release|x86
		{E41B1B52-35E8-44D9-A8B2-5DF8CC56C82C}.Release|Mixed Platforms.Build.0 = Release|x86
		{E41B1B52-35E8-44D9-A8B2-5DF8CC56C82C}.Release|x86.ActiveCfg = Release|x86
		{E41B1B52-35E8-44D9-A8B2-5DF8CC56C82C}.Release|x86.Build.0 = Release|x86
		{E7D07113-1BB1-4EA3-9E24-4421F585C04C}.Debug|Any CPU.ActiveCfg = Debug|Any CPU
		{E7D07113-1BB1-4EA3-9E24-4421F585C04C}.Debug|Any CPU.Build.0 = Debug|Any CPU
		{E7D07113-1BB1-4EA3-9E24-4421F585C04C}.Debug|Mixed Platforms.ActiveCfg = Debug|Any CPU
		{E7D07113-1BB1-4EA3-9E24-4421F585C04C}.Debug|Mixed Platforms.Build.0 = Debug|Any CPU
		{E7D07113-1BB1-4EA3-9E24-4421F585C04C}.Debug|x86.ActiveCfg = Debug|Any CPU
		{E7D07113-1BB1-4EA3-9E24-4421F585C04C}.Release|Any CPU.ActiveCfg = Release|Any CPU
		{E7D07113-1BB1-4EA3-9E24-4421F585C04C}.Release|Any CPU.Build.0 = Release|Any CPU
		{E7D07113-1BB1-4EA3-9E24-4421F585C04C}.Release|Mixed Platforms.ActiveCfg = Release|Any CPU
		{E7D07113-1BB1-4EA3-9E24-4421F585C04C}.Release|Mixed Platforms.Build.0 = Release|Any CPU
		{E7D07113-1BB1-4EA3-9E24-4421F585C04C}.Release|x86.ActiveCfg = Release|Any CPU
		{F19F0742-0C22-4A3F-B453-388F1AB0F3BF}.Debug|Any CPU.ActiveCfg = Debug|x86
		{F19F0742-0C22-4A3F-B453-388F1AB0F3BF}.Debug|Any CPU.Build.0 = Debug|x86
		{F19F0742-0C22-4A3F-B453-388F1AB0F3BF}.Debug|Mixed Platforms.ActiveCfg = Debug|x86
		{F19F0742-0C22-4A3F-B453-388F1AB0F3BF}.Debug|Mixed Platforms.Build.0 = Debug|x86
		{F19F0742-0C22-4A3F-B453-388F1AB0F3BF}.Debug|x86.ActiveCfg = Debug|x86
		{F19F0742-0C22-4A3F-B453-388F1AB0F3BF}.Debug|x86.Build.0 = Debug|x86
		{F19F0742-0C22-4A3F-B453-388F1AB0F3BF}.Release|Any CPU.ActiveCfg = Release|x86
		{F19F0742-0C22-4A3F-B453-388F1AB0F3BF}.Release|Any CPU.Build.0 = Release|x86
		{F19F0742-0C22-4A3F-B453-388F1AB0F3BF}.Release|Mixed Platforms.ActiveCfg = Release|x86
		{F19F0742-0C22-4A3F-B453-388F1AB0F3BF}.Release|Mixed Platforms.Build.0 = Release|x86
		{F19F0742-0C22-4A3F-B453-388F1AB0F3BF}.Release|x86.ActiveCfg = Release|x86
		{F19F0742-0C22-4A3F-B453-388F1AB0F3BF}.Release|x86.Build.0 = Release|x86
		{2B5EC90D-A81B-4299-86EC-B45DBE8439E6}.Debug|Any CPU.ActiveCfg = Debug|x86
		{2B5EC90D-A81B-4299-86EC-B45DBE8439E6}.Debug|Any CPU.Build.0 = Debug|x86
		{2B5EC90D-A81B-4299-86EC-B45DBE8439E6}.Debug|Mixed Platforms.ActiveCfg = Debug|x86
		{2B5EC90D-A81B-4299-86EC-B45DBE8439E6}.Debug|Mixed Platforms.Build.0 = Debug|x86
		{2B5EC90D-A81B-4299-86EC-B45DBE8439E6}.Debug|x86.ActiveCfg = Debug|x86
		{2B5EC90D-A81B-4299-86EC-B45DBE8439E6}.Debug|x86.Build.0 = Debug|x86
		{2B5EC90D-A81B-4299-86EC-B45DBE8439E6}.Release|Any CPU.ActiveCfg = Release|x86
		{2B5EC90D-A81B-4299-86EC-B45DBE8439E6}.Release|Any CPU.Build.0 = Release|x86
		{2B5EC90D-A81B-4299-86EC-B45DBE8439E6}.Release|Mixed Platforms.ActiveCfg = Release|x86
		{2B5EC90D-A81B-4299-86EC-B45DBE8439E6}.Release|Mixed Platforms.Build.0 = Release|x86
		{2B5EC90D-A81B-4299-86EC-B45DBE8439E6}.Release|x86.ActiveCfg = Release|x86
		{2B5EC90D-A81B-4299-86EC-B45DBE8439E6}.Release|x86.Build.0 = Release|x86
		{8CC6DCEA-95CD-4FC0-B9E8-ADA33EC01A9E}.Debug|Any CPU.ActiveCfg = Debug|Any CPU
		{8CC6DCEA-95CD-4FC0-B9E8-ADA33EC01A9E}.Debug|Any CPU.Build.0 = Debug|Any CPU
		{8CC6DCEA-95CD-4FC0-B9E8-ADA33EC01A9E}.Debug|Mixed Platforms.ActiveCfg = Debug|Any CPU
		{8CC6DCEA-95CD-4FC0-B9E8-ADA33EC01A9E}.Debug|Mixed Platforms.Build.0 = Debug|Any CPU
		{8CC6DCEA-95CD-4FC0-B9E8-ADA33EC01A9E}.Debug|x86.ActiveCfg = Debug|Any CPU
		{8CC6DCEA-95CD-4FC0-B9E8-ADA33EC01A9E}.Release|Any CPU.ActiveCfg = Release|Any CPU
		{8CC6DCEA-95CD-4FC0-B9E8-ADA33EC01A9E}.Release|Any CPU.Build.0 = Release|Any CPU
		{8CC6DCEA-95CD-4FC0-B9E8-ADA33EC01A9E}.Release|Mixed Platforms.ActiveCfg = Release|Any CPU
		{8CC6DCEA-95CD-4FC0-B9E8-ADA33EC01A9E}.Release|Mixed Platforms.Build.0 = Release|Any CPU
		{8CC6DCEA-95CD-4FC0-B9E8-ADA33EC01A9E}.Release|x86.ActiveCfg = Release|Any CPU
	EndGlobalSection
	GlobalSection(SolutionProperties) = preSolution
		HideSolutionNode = FALSE
	EndGlobalSection
EndGlobal
